// !$*UTF8*$!
{
	archiveVersion = 1;
	classes = {
	};
	objectVersion = 50;
	objects = {

/* Begin PBXBuildFile section */
		6946B0B726C82C2F001A306E /* AspectVGrid.swift in Sources */ = {isa = PBXBuildFile; fileRef = 6946B0B626C82C2F001A306E /* AspectVGrid.swift */; };
		6946B0B926C8354E001A306E /* Pie.swift in Sources */ = {isa = PBXBuildFile; fileRef = 6946B0B826C8354E001A306E /* Pie.swift */; };
		69C6DA6E26BDCC460036DDF1 /* MemorizeApp.swift in Sources */ = {isa = PBXBuildFile; fileRef = 69C6DA6D26BDCC460036DDF1 /* MemorizeApp.swift */; };
		69C6DA7026BDCC460036DDF1 /* EmojiMemoryGameView.swift in Sources */ = {isa = PBXBuildFile; fileRef = 69C6DA6F26BDCC460036DDF1 /* EmojiMemoryGameView.swift */; };
		69C6DA7226BDCC490036DDF1 /* Assets.xcassets in Resources */ = {isa = PBXBuildFile; fileRef = 69C6DA7126BDCC490036DDF1 /* Assets.xcassets */; };
		69C6DA7526BDCC490036DDF1 /* Preview Assets.xcassets in Resources */ = {isa = PBXBuildFile; fileRef = 69C6DA7426BDCC490036DDF1 /* Preview Assets.xcassets */; };
		69C6DA8026BDCC490036DDF1 /* MemorizeTests.swift in Sources */ = {isa = PBXBuildFile; fileRef = 69C6DA7F26BDCC490036DDF1 /* MemorizeTests.swift */; };
		69C6DA8B26BDCC490036DDF1 /* MemorizeUITests.swift in Sources */ = {isa = PBXBuildFile; fileRef = 69C6DA8A26BDCC490036DDF1 /* MemorizeUITests.swift */; };
		69C6DA9926BDCE9A0036DDF1 /* MemoryGame.swift in Sources */ = {isa = PBXBuildFile; fileRef = 69C6DA9826BDCE9A0036DDF1 /* MemoryGame.swift */; };
		69C6DA9B26BDD0CC0036DDF1 /* EmojiMemoryGame.swift in Sources */ = {isa = PBXBuildFile; fileRef = 69C6DA9A26BDD0CC0036DDF1 /* EmojiMemoryGame.swift */; };
/* End PBXBuildFile section */

/* Begin PBXContainerItemProxy section */
		69C6DA7C26BDCC490036DDF1 /* PBXContainerItemProxy */ = {
			isa = PBXContainerItemProxy;
			containerPortal = 69C6DA6226BDCC460036DDF1 /* Project object */;
			proxyType = 1;
			remoteGlobalIDString = 69C6DA6926BDCC460036DDF1;
			remoteInfo = Memorize;
		};
		69C6DA8726BDCC490036DDF1 /* PBXContainerItemProxy */ = {
			isa = PBXContainerItemProxy;
			containerPortal = 69C6DA6226BDCC460036DDF1 /* Project object */;
			proxyType = 1;
			remoteGlobalIDString = 69C6DA6926BDCC460036DDF1;
			remoteInfo = Memorize;
		};
/* End PBXContainerItemProxy section */

/* Begin PBXFileReference section */
		6946B0B626C82C2F001A306E /* AspectVGrid.swift */ = {isa = PBXFileReference; lastKnownFileType = sourcecode.swift; path = AspectVGrid.swift; sourceTree = "<group>"; };
		6946B0B826C8354E001A306E /* Pie.swift */ = {isa = PBXFileReference; lastKnownFileType = sourcecode.swift; path = Pie.swift; sourceTree = "<group>"; };
		69C6DA6A26BDCC460036DDF1 /* Memorize.app */ = {isa = PBXFileReference; explicitFileType = wrapper.application; includeInIndex = 0; path = Memorize.app; sourceTree = BUILT_PRODUCTS_DIR; };
		69C6DA6D26BDCC460036DDF1 /* MemorizeApp.swift */ = {isa = PBXFileReference; lastKnownFileType = sourcecode.swift; path = MemorizeApp.swift; sourceTree = "<group>"; };
		69C6DA6F26BDCC460036DDF1 /* EmojiMemoryGameView.swift */ = {isa = PBXFileReference; lastKnownFileType = sourcecode.swift; path = EmojiMemoryGameView.swift; sourceTree = "<group>"; };
		69C6DA7126BDCC490036DDF1 /* Assets.xcassets */ = {isa = PBXFileReference; lastKnownFileType = folder.assetcatalog; path = Assets.xcassets; sourceTree = "<group>"; };
		69C6DA7426BDCC490036DDF1 /* Preview Assets.xcassets */ = {isa = PBXFileReference; lastKnownFileType = folder.assetcatalog; path = "Preview Assets.xcassets"; sourceTree = "<group>"; };
		69C6DA7626BDCC490036DDF1 /* Info.plist */ = {isa = PBXFileReference; lastKnownFileType = text.plist.xml; path = Info.plist; sourceTree = "<group>"; };
		69C6DA7B26BDCC490036DDF1 /* MemorizeTests.xctest */ = {isa = PBXFileReference; explicitFileType = wrapper.cfbundle; includeInIndex = 0; path = MemorizeTests.xctest; sourceTree = BUILT_PRODUCTS_DIR; };
		69C6DA7F26BDCC490036DDF1 /* MemorizeTests.swift */ = {isa = PBXFileReference; lastKnownFileType = sourcecode.swift; path = MemorizeTests.swift; sourceTree = "<group>"; };
		69C6DA8126BDCC490036DDF1 /* Info.plist */ = {isa = PBXFileReference; lastKnownFileType = text.plist.xml; path = Info.plist; sourceTree = "<group>"; };
		69C6DA8626BDCC490036DDF1 /* MemorizeUITests.xctest */ = {isa = PBXFileReference; explicitFileType = wrapper.cfbundle; includeInIndex = 0; path = MemorizeUITests.xctest; sourceTree = BUILT_PRODUCTS_DIR; };
		69C6DA8A26BDCC490036DDF1 /* MemorizeUITests.swift */ = {isa = PBXFileReference; lastKnownFileType = sourcecode.swift; path = MemorizeUITests.swift; sourceTree = "<group>"; };
		69C6DA8C26BDCC490036DDF1 /* Info.plist */ = {isa = PBXFileReference; lastKnownFileType = text.plist.xml; path = Info.plist; sourceTree = "<group>"; };
		69C6DA9826BDCE9A0036DDF1 /* MemoryGame.swift */ = {isa = PBXFileReference; lastKnownFileType = sourcecode.swift; path = MemoryGame.swift; sourceTree = "<group>"; };
		69C6DA9A26BDD0CC0036DDF1 /* EmojiMemoryGame.swift */ = {isa = PBXFileReference; lastKnownFileType = sourcecode.swift; path = EmojiMemoryGame.swift; sourceTree = "<group>"; };
/* End PBXFileReference section */

/* Begin PBXFrameworksBuildPhase section */
		69C6DA6726BDCC460036DDF1 /* Frameworks */ = {
			isa = PBXFrameworksBuildPhase;
			buildActionMask = 2147483647;
			files = (
			);
			runOnlyForDeploymentPostprocessing = 0;
		};
		69C6DA7826BDCC490036DDF1 /* Frameworks */ = {
			isa = PBXFrameworksBuildPhase;
			buildActionMask = 2147483647;
			files = (
			);
			runOnlyForDeploymentPostprocessing = 0;
		};
		69C6DA8326BDCC490036DDF1 /* Frameworks */ = {
			isa = PBXFrameworksBuildPhase;
			buildActionMask = 2147483647;
			files = (
			);
			runOnlyForDeploymentPostprocessing = 0;
		};
/* End PBXFrameworksBuildPhase section */

/* Begin PBXGroup section */
		69C6DA6126BDCC460036DDF1 = {
			isa = PBXGroup;
			children = (
				69C6DA6C26BDCC460036DDF1 /* Memorize */,
				69C6DA7E26BDCC490036DDF1 /* MemorizeTests */,
				69C6DA8926BDCC490036DDF1 /* MemorizeUITests */,
				69C6DA6B26BDCC460036DDF1 /* Products */,
			);
			sourceTree = "<group>";
		};
		69C6DA6B26BDCC460036DDF1 /* Products */ = {
			isa = PBXGroup;
			children = (
				69C6DA6A26BDCC460036DDF1 /* Memorize.app */,
				69C6DA7B26BDCC490036DDF1 /* MemorizeTests.xctest */,
				69C6DA8626BDCC490036DDF1 /* MemorizeUITests.xctest */,
			);
			name = Products;
			sourceTree = "<group>";
		};
		69C6DA6C26BDCC460036DDF1 /* Memorize */ = {
			isa = PBXGroup;
			children = (
				69C6DA9826BDCE9A0036DDF1 /* MemoryGame.swift */,
				69C6DA9A26BDD0CC0036DDF1 /* EmojiMemoryGame.swift */,
				69C6DA6F26BDCC460036DDF1 /* EmojiMemoryGameView.swift */,
				6946B0B826C8354E001A306E /* Pie.swift */,
				6946B0B626C82C2F001A306E /* AspectVGrid.swift */,
				69C6DA6D26BDCC460036DDF1 /* MemorizeApp.swift */,
				69C6DA7126BDCC490036DDF1 /* Assets.xcassets */,
				69C6DA7626BDCC490036DDF1 /* Info.plist */,
				69C6DA7326BDCC490036DDF1 /* Preview Content */,
			);
			path = Memorize;
			sourceTree = "<group>";
		};
		69C6DA7326BDCC490036DDF1 /* Preview Content */ = {
			isa = PBXGroup;
			children = (
				69C6DA7426BDCC490036DDF1 /* Preview Assets.xcassets */,
			);
			path = "Preview Content";
			sourceTree = "<group>";
		};
		69C6DA7E26BDCC490036DDF1 /* MemorizeTests */ = {
			isa = PBXGroup;
			children = (
				69C6DA7F26BDCC490036DDF1 /* MemorizeTests.swift */,
				69C6DA8126BDCC490036DDF1 /* Info.plist */,
			);
			path = MemorizeTests;
			sourceTree = "<group>";
		};
		69C6DA8926BDCC490036DDF1 /* MemorizeUITests */ = {
			isa = PBXGroup;
			children = (
				69C6DA8A26BDCC490036DDF1 /* MemorizeUITests.swift */,
				69C6DA8C26BDCC490036DDF1 /* Info.plist */,
			);
			path = MemorizeUITests;
			sourceTree = "<group>";
		};
/* End PBXGroup section */

/* Begin PBXNativeTarget section */
		69C6DA6926BDCC460036DDF1 /* Memorize */ = {
			isa = PBXNativeTarget;
			buildConfigurationList = 69C6DA8F26BDCC490036DDF1 /* Build configuration list for PBXNativeTarget "Memorize" */;
			buildPhases = (
				69C6DA6626BDCC460036DDF1 /* Sources */,
				69C6DA6726BDCC460036DDF1 /* Frameworks */,
				69C6DA6826BDCC460036DDF1 /* Resources */,
			);
			buildRules = (
			);
			dependencies = (
			);
			name = Memorize;
			productName = Memorize;
			productReference = 69C6DA6A26BDCC460036DDF1 /* Memorize.app */;
			productType = "com.apple.product-type.application";
		};
		69C6DA7A26BDCC490036DDF1 /* MemorizeTests */ = {
			isa = PBXNativeTarget;
			buildConfigurationList = 69C6DA9226BDCC490036DDF1 /* Build configuration list for PBXNativeTarget "MemorizeTests" */;
			buildPhases = (
				69C6DA7726BDCC490036DDF1 /* Sources */,
				69C6DA7826BDCC490036DDF1 /* Frameworks */,
				69C6DA7926BDCC490036DDF1 /* Resources */,
			);
			buildRules = (
			);
			dependencies = (
				69C6DA7D26BDCC490036DDF1 /* PBXTargetDependency */,
			);
			name = MemorizeTests;
			productName = MemorizeTests;
			productReference = 69C6DA7B26BDCC490036DDF1 /* MemorizeTests.xctest */;
			productType = "com.apple.product-type.bundle.unit-test";
		};
		69C6DA8526BDCC490036DDF1 /* MemorizeUITests */ = {
			isa = PBXNativeTarget;
			buildConfigurationList = 69C6DA9526BDCC490036DDF1 /* Build configuration list for PBXNativeTarget "MemorizeUITests" */;
			buildPhases = (
				69C6DA8226BDCC490036DDF1 /* Sources */,
				69C6DA8326BDCC490036DDF1 /* Frameworks */,
				69C6DA8426BDCC490036DDF1 /* Resources */,
			);
			buildRules = (
			);
			dependencies = (
				69C6DA8826BDCC490036DDF1 /* PBXTargetDependency */,
			);
			name = MemorizeUITests;
			productName = MemorizeUITests;
			productReference = 69C6DA8626BDCC490036DDF1 /* MemorizeUITests.xctest */;
			productType = "com.apple.product-type.bundle.ui-testing";
		};
/* End PBXNativeTarget section */

/* Begin PBXProject section */
		69C6DA6226BDCC460036DDF1 /* Project object */ = {
			isa = PBXProject;
			attributes = {
				LastSwiftUpdateCheck = 1250;
				LastUpgradeCheck = 1250;
				TargetAttributes = {
					69C6DA6926BDCC460036DDF1 = {
						CreatedOnToolsVersion = 12.5.1;
					};
					69C6DA7A26BDCC490036DDF1 = {
						CreatedOnToolsVersion = 12.5.1;
						TestTargetID = 69C6DA6926BDCC460036DDF1;
					};
					69C6DA8526BDCC490036DDF1 = {
						CreatedOnToolsVersion = 12.5.1;
						TestTargetID = 69C6DA6926BDCC460036DDF1;
					};
				};
			};
			buildConfigurationList = 69C6DA6526BDCC460036DDF1 /* Build configuration list for PBXProject "Memorize" */;
			compatibilityVersion = "Xcode 9.3";
			developmentRegion = en;
			hasScannedForEncodings = 0;
			knownRegions = (
				en,
				Base,
			);
			mainGroup = 69C6DA6126BDCC460036DDF1;
			productRefGroup = 69C6DA6B26BDCC460036DDF1 /* Products */;
			projectDirPath = "";
			projectRoot = "";
			targets = (
				69C6DA6926BDCC460036DDF1 /* Memorize */,
				69C6DA7A26BDCC490036DDF1 /* MemorizeTests */,
				69C6DA8526BDCC490036DDF1 /* MemorizeUITests */,
			);
		};
/* End PBXProject section */

/* Begin PBXResourcesBuildPhase section */
		69C6DA6826BDCC460036DDF1 /* Resources */ = {
			isa = PBXResourcesBuildPhase;
			buildActionMask = 2147483647;
			files = (
				69C6DA7526BDCC490036DDF1 /* Preview Assets.xcassets in Resources */,
				69C6DA7226BDCC490036DDF1 /* Assets.xcassets in Resources */,
			);
			runOnlyForDeploymentPostprocessing = 0;
		};
		69C6DA7926BDCC490036DDF1 /* Resources */ = {
			isa = PBXResourcesBuildPhase;
			buildActionMask = 2147483647;
			files = (
			);
			runOnlyForDeploymentPostprocessing = 0;
		};
		69C6DA8426BDCC490036DDF1 /* Resources */ = {
			isa = PBXResourcesBuildPhase;
			buildActionMask = 2147483647;
			files = (
			);
			runOnlyForDeploymentPostprocessing = 0;
		};
/* End PBXResourcesBuildPhase section */

/* Begin PBXSourcesBuildPhase section */
		69C6DA6626BDCC460036DDF1 /* Sources */ = {
			isa = PBXSourcesBuildPhase;
			buildActionMask = 2147483647;
			files = (
				6946B0B926C8354E001A306E /* Pie.swift in Sources */,
				69C6DA9926BDCE9A0036DDF1 /* MemoryGame.swift in Sources */,
				69C6DA7026BDCC460036DDF1 /* EmojiMemoryGameView.swift in Sources */,
				69C6DA6E26BDCC460036DDF1 /* MemorizeApp.swift in Sources */,
				6946B0B726C82C2F001A306E /* AspectVGrid.swift in Sources */,
				69C6DA9B26BDD0CC0036DDF1 /* EmojiMemoryGame.swift in Sources */,
			);
			runOnlyForDeploymentPostprocessing = 0;
		};
		69C6DA7726BDCC490036DDF1 /* Sources */ = {
			isa = PBXSourcesBuildPhase;
			buildActionMask = 2147483647;
			files = (
				69C6DA8026BDCC490036DDF1 /* MemorizeTests.swift in Sources */,
			);
			runOnlyForDeploymentPostprocessing = 0;
		};
		69C6DA8226BDCC490036DDF1 /* Sources */ = {
			isa = PBXSourcesBuildPhase;
			buildActionMask = 2147483647;
			files = (
				69C6DA8B26BDCC490036DDF1 /* MemorizeUITests.swift in Sources */,
			);
			runOnlyForDeploymentPostprocessing = 0;
		};
/* End PBXSourcesBuildPhase section */

/* Begin PBXTargetDependency section */
		69C6DA7D26BDCC490036DDF1 /* PBXTargetDependency */ = {
			isa = PBXTargetDependency;
			target = 69C6DA6926BDCC460036DDF1 /* Memorize */;
			targetProxy = 69C6DA7C26BDCC490036DDF1 /* PBXContainerItemProxy */;
		};
		69C6DA8826BDCC490036DDF1 /* PBXTargetDependency */ = {
			isa = PBXTargetDependency;
			target = 69C6DA6926BDCC460036DDF1 /* Memorize */;
			targetProxy = 69C6DA8726BDCC490036DDF1 /* PBXContainerItemProxy */;
		};
/* End PBXTargetDependency section */

/* Begin XCBuildConfiguration section */
		69C6DA8D26BDCC490036DDF1 /* Debug */ = {
			isa = XCBuildConfiguration;
			buildSettings = {
				ALWAYS_SEARCH_USER_PATHS = NO;
				CLANG_ANALYZER_NONNULL = YES;
				CLANG_ANALYZER_NUMBER_OBJECT_CONVERSION = YES_AGGRESSIVE;
				CLANG_CXX_LANGUAGE_STANDARD = "gnu++14";
				CLANG_CXX_LIBRARY = "libc++";
				CLANG_ENABLE_MODULES = YES;
				CLANG_ENABLE_OBJC_ARC = YES;
				CLANG_ENABLE_OBJC_WEAK = YES;
				CLANG_WARN_BLOCK_CAPTURE_AUTORELEASING = YES;
				CLANG_WARN_BOOL_CONVERSION = YES;
				CLANG_WARN_COMMA = YES;
				CLANG_WARN_CONSTANT_CONVERSION = YES;
				CLANG_WARN_DEPRECATED_OBJC_IMPLEMENTATIONS = YES;
				CLANG_WARN_DIRECT_OBJC_ISA_USAGE = YES_ERROR;
				CLANG_WARN_DOCUMENTATION_COMMENTS = YES;
				CLANG_WARN_EMPTY_BODY = YES;
				CLANG_WARN_ENUM_CONVERSION = YES;
				CLANG_WARN_INFINITE_RECURSION = YES;
				CLANG_WARN_INT_CONVERSION = YES;
				CLANG_WARN_NON_LITERAL_NULL_CONVERSION = YES;
				CLANG_WARN_OBJC_IMPLICIT_RETAIN_SELF = YES;
				CLANG_WARN_OBJC_LITERAL_CONVERSION = YES;
				CLANG_WARN_OBJC_ROOT_CLASS = YES_ERROR;
				CLANG_WARN_QUOTED_INCLUDE_IN_FRAMEWORK_HEADER = YES;
				CLANG_WARN_RANGE_LOOP_ANALYSIS = YES;
				CLANG_WARN_STRICT_PROTOTYPES = YES;
				CLANG_WARN_SUSPICIOUS_MOVE = YES;
				CLANG_WARN_UNGUARDED_AVAILABILITY = YES_AGGRESSIVE;
				CLANG_WARN_UNREACHABLE_CODE = YES;
				CLANG_WARN__DUPLICATE_METHOD_MATCH = YES;
				COPY_PHASE_STRIP = NO;
				DEBUG_INFORMATION_FORMAT = dwarf;
				ENABLE_STRICT_OBJC_MSGSEND = YES;
				ENABLE_TESTABILITY = YES;
				GCC_C_LANGUAGE_STANDARD = gnu11;
				GCC_DYNAMIC_NO_PIC = NO;
				GCC_NO_COMMON_BLOCKS = YES;
				GCC_OPTIMIZATION_LEVEL = 0;
				GCC_PREPROCESSOR_DEFINITIONS = (
					"DEBUG=1",
					"$(inherited)",
				);
				GCC_WARN_64_TO_32_BIT_CONVERSION = YES;
				GCC_WARN_ABOUT_RETURN_TYPE = YES_ERROR;
				GCC_WARN_UNDECLARED_SELECTOR = YES;
				GCC_WARN_UNINITIALIZED_AUTOS = YES_AGGRESSIVE;
				GCC_WARN_UNUSED_FUNCTION = YES;
				GCC_WARN_UNUSED_VARIABLE = YES;
				IPHONEOS_DEPLOYMENT_TARGET = 14.5;
				MTL_ENABLE_DEBUG_INFO = INCLUDE_SOURCE;
				MTL_FAST_MATH = YES;
				ONLY_ACTIVE_ARCH = YES;
				SDKROOT = iphoneos;
				SWIFT_ACTIVE_COMPILATION_CONDITIONS = DEBUG;
				SWIFT_OPTIMIZATION_LEVEL = "-Onone";
			};
			name = Debug;
		};
		69C6DA8E26BDCC490036DDF1 /* Release */ = {
			isa = XCBuildConfiguration;
			buildSettings = {
				ALWAYS_SEARCH_USER_PATHS = NO;
				CLANG_ANALYZER_NONNULL = YES;
				CLANG_ANALYZER_NUMBER_OBJECT_CONVERSION = YES_AGGRESSIVE;
				CLANG_CXX_LANGUAGE_STANDARD = "gnu++14";
				CLANG_CXX_LIBRARY = "libc++";
				CLANG_ENABLE_MODULES = YES;
				CLANG_ENABLE_OBJC_ARC = YES;
				CLANG_ENABLE_OBJC_WEAK = YES;
				CLANG_WARN_BLOCK_CAPTURE_AUTORELEASING = YES;
				CLANG_WARN_BOOL_CONVERSION = YES;
				CLANG_WARN_COMMA = YES;
				CLANG_WARN_CONSTANT_CONVERSION = YES;
				CLANG_WARN_DEPRECATED_OBJC_IMPLEMENTATIONS = YES;
				CLANG_WARN_DIRECT_OBJC_ISA_USAGE = YES_ERROR;
				CLANG_WARN_DOCUMENTATION_COMMENTS = YES;
				CLANG_WARN_EMPTY_BODY = YES;
				CLANG_WARN_ENUM_CONVERSION = YES;
				CLANG_WARN_INFINITE_RECURSION = YES;
				CLANG_WARN_INT_CONVERSION = YES;
				CLANG_WARN_NON_LITERAL_NULL_CONVERSION = YES;
				CLANG_WARN_OBJC_IMPLICIT_RETAIN_SELF = YES;
				CLANG_WARN_OBJC_LITERAL_CONVERSION = YES;
				CLANG_WARN_OBJC_ROOT_CLASS = YES_ERROR;
				CLANG_WARN_QUOTED_INCLUDE_IN_FRAMEWORK_HEADER = YES;
				CLANG_WARN_RANGE_LOOP_ANALYSIS = YES;
				CLANG_WARN_STRICT_PROTOTYPES = YES;
				CLANG_WARN_SUSPICIOUS_MOVE = YES;
				CLANG_WARN_UNGUARDED_AVAILABILITY = YES_AGGRESSIVE;
				CLANG_WARN_UNREACHABLE_CODE = YES;
				CLANG_WARN__DUPLICATE_METHOD_MATCH = YES;
				COPY_PHASE_STRIP = NO;
				DEBUG_INFORMATION_FORMAT = "dwarf-with-dsym";
				ENABLE_NS_ASSERTIONS = NO;
				ENABLE_STRICT_OBJC_MSGSEND = YES;
				GCC_C_LANGUAGE_STANDARD = gnu11;
				GCC_NO_COMMON_BLOCKS = YES;
				GCC_WARN_64_TO_32_BIT_CONVERSION = YES;
				GCC_WARN_ABOUT_RETURN_TYPE = YES_ERROR;
				GCC_WARN_UNDECLARED_SELECTOR = YES;
				GCC_WARN_UNINITIALIZED_AUTOS = YES_AGGRESSIVE;
				GCC_WARN_UNUSED_FUNCTION = YES;
				GCC_WARN_UNUSED_VARIABLE = YES;
				IPHONEOS_DEPLOYMENT_TARGET = 14.5;
				MTL_ENABLE_DEBUG_INFO = NO;
				MTL_FAST_MATH = YES;
				SDKROOT = iphoneos;
				SWIFT_COMPILATION_MODE = wholemodule;
				SWIFT_OPTIMIZATION_LEVEL = "-O";
				VALIDATE_PRODUCT = YES;
			};
			name = Release;
		};
		69C6DA9026BDCC490036DDF1 /* Debug */ = {
			isa = XCBuildConfiguration;
			buildSettings = {
				ASSETCATALOG_COMPILER_APPICON_NAME = AppIcon;
				ASSETCATALOG_COMPILER_GLOBAL_ACCENT_COLOR_NAME = AccentColor;
				CODE_SIGN_STYLE = Automatic;
				DEVELOPMENT_ASSET_PATHS = "\"Memorize/Preview Content\"";
				DEVELOPMENT_TEAM = C22Z2TZ292;
				ENABLE_PREVIEWS = YES;
				INFOPLIST_FILE = Memorize/Info.plist;
				IPHONEOS_DEPLOYMENT_TARGET = 14.0;
				LD_RUNPATH_SEARCH_PATHS = (
					"$(inherited)",
					"@executable_path/Frameworks",
				);
				PRODUCT_BUNDLE_IDENTIFIER = com.jonesrmj.Memorize;
				PRODUCT_NAME = "$(TARGET_NAME)";
				SWIFT_VERSION = 5.0;
				TARGETED_DEVICE_FAMILY = "1,2";
			};
			name = Debug;
		};
		69C6DA9126BDCC490036DDF1 /* Release */ = {
			isa = XCBuildConfiguration;
			buildSettings = {
				ASSETCATALOG_COMPILER_APPICON_NAME = AppIcon;
				ASSETCATALOG_COMPILER_GLOBAL_ACCENT_COLOR_NAME = AccentColor;
				CODE_SIGN_STYLE = Automatic;
				DEVELOPMENT_ASSET_PATHS = "\"Memorize/Preview Content\"";
				DEVELOPMENT_TEAM = C22Z2TZ292;
				ENABLE_PREVIEWS = YES;
				INFOPLIST_FILE = Memorize/Info.plist;
				IPHONEOS_DEPLOYMENT_TARGET = 14.0;
				LD_RUNPATH_SEARCH_PATHS = (
					"$(inherited)",
					"@executable_path/Frameworks",
				);
				PRODUCT_BUNDLE_IDENTIFIER = com.jonesrmj.Memorize;
				PRODUCT_NAME = "$(TARGET_NAME)";
				SWIFT_VERSION = 5.0;
				TARGETED_DEVICE_FAMILY = "1,2";
			};
			name = Release;
		};
		69C6DA9326BDCC490036DDF1 /* Debug */ = {
			isa = XCBuildConfiguration;
			buildSettings = {
				ALWAYS_EMBED_SWIFT_STANDARD_LIBRARIES = YES;
				BUNDLE_LOADER = "$(TEST_HOST)";
				CODE_SIGN_STYLE = Automatic;
				DEVELOPMENT_TEAM = C22Z2TZ292;
				INFOPLIST_FILE = MemorizeTests/Info.plist;
				IPHONEOS_DEPLOYMENT_TARGET = 14.0;
				LD_RUNPATH_SEARCH_PATHS = (
					"$(inherited)",
					"@executable_path/Frameworks",
					"@loader_path/Frameworks",
				);
				PRODUCT_BUNDLE_IDENTIFIER = com.jonesrmj.MemorizeTests;
				PRODUCT_NAME = "$(TARGET_NAME)";
				SWIFT_VERSION = 5.0;
				TARGETED_DEVICE_FAMILY = "1,2";
				TEST_HOST = "$(BUILT_PRODUCTS_DIR)/Memorize.app/Memorize";
			};
			name = Debug;
		};
		69C6DA9426BDCC490036DDF1 /* Release */ = {
			isa = XCBuildConfiguration;
			buildSettings = {
				ALWAYS_EMBED_SWIFT_STANDARD_LIBRARIES = YES;
				BUNDLE_LOADER = "$(TEST_HOST)";
				CODE_SIGN_STYLE = Automatic;
				DEVELOPMENT_TEAM = C22Z2TZ292;
				INFOPLIST_FILE = MemorizeTests/Info.plist;
				IPHONEOS_DEPLOYMENT_TARGET = 14.0;
				LD_RUNPATH_SEARCH_PATHS = (
					"$(inherited)",
					"@executable_path/Frameworks",
					"@loader_path/Frameworks",
				);
				PRODUCT_BUNDLE_IDENTIFIER = com.jonesrmj.MemorizeTests;
				PRODUCT_NAME = "$(TARGET_NAME)";
				SWIFT_VERSION = 5.0;
				TARGETED_DEVICE_FAMILY = "1,2";
				TEST_HOST = "$(BUILT_PRODUCTS_DIR)/Memorize.app/Memorize";
			};
			name = Release;
		};
		69C6DA9626BDCC490036DDF1 /* Debug */ = {
			isa = XCBuildConfiguration;
			buildSettings = {
				ALWAYS_EMBED_SWIFT_STANDARD_LIBRARIES = YES;
				CODE_SIGN_STYLE = Automatic;
				DEVELOPMENT_TEAM = C22Z2TZ292;
				INFOPLIST_FILE = MemorizeUITests/Info.plist;
				LD_RUNPATH_SEARCH_PATHS = (
					"$(inherited)",
					"@executable_path/Frameworks",
					"@loader_path/Frameworks",
				);
				PRODUCT_BUNDLE_IDENTIFIER = com.jonesrmj.MemorizeUITests;
				PRODUCT_NAME = "$(TARGET_NAME)";
				SWIFT_VERSION = 5.0;
				TARGETED_DEVICE_FAMILY = "1,2";
				TEST_TARGET_NAME = Memorize;
			};
			name = Debug;
		};
		69C6DA9726BDCC490036DDF1 /* Release */ = {
			isa = XCBuildConfiguration;
			buildSettings = {
				ALWAYS_EMBED_SWIFT_STANDARD_LIBRARIES = YES;
				CODE_SIGN_STYLE = Automatic;
				DEVELOPMENT_TEAM = C22Z2TZ292;
				INFOPLIST_FILE = MemorizeUITests/Info.plist;
				LD_RUNPATH_SEARCH_PATHS = (
					"$(inherited)",
					"@executable_path/Frameworks",
					"@loader_path/Frameworks",
				);
				PRODUCT_BUNDLE_IDENTIFIER = com.jonesrmj.MemorizeUITests;
				PRODUCT_NAME = "$(TARGET_NAME)";
				SWIFT_VERSION = 5.0;
				TARGETED_DEVICE_FAMILY = "1,2";
				TEST_TARGET_NAME = Memorize;
			};
			name = Release;
		};
/* End XCBuildConfiguration section */

/* Begin XCConfigurationList section */
		69C6DA6526BDCC460036DDF1 /* Build configuration list for PBXProject "Memorize" */ = {
			isa = XCConfigurationList;
			buildConfigurations = (
				69C6DA8D26BDCC490036DDF1 /* Debug */,
				69C6DA8E26BDCC490036DDF1 /* Release */,
			);
			defaultConfigurationIsVisible = 0;
			defaultConfigurationName = Release;
		};
		69C6DA8F26BDCC490036DDF1 /* Build configuration list for PBXNativeTarget "Memorize" */ = {
			isa = XCConfigurationList;
			buildConfigurations = (
				69C6DA9026BDCC490036DDF1 /* Debug */,
				69C6DA9126BDCC490036DDF1 /* Release */,
			);
			defaultConfigurationIsVisible = 0;
			defaultConfigurationName = Release;
		};
		69C6DA9226BDCC490036DDF1 /* Build configuration list for PBXNativeTarget "MemorizeTests" */ = {
			isa = XCConfigurationList;
			buildConfigurations = (
				69C6DA9326BDCC490036DDF1 /* Debug */,
				69C6DA9426BDCC490036DDF1 /* Release */,
			);
			defaultConfigurationIsVisible = 0;
			defaultConfigurationName = Release;
		};
		69C6DA9526BDCC490036DDF1 /* Build configuration list for PBXNativeTarget "MemorizeUITests" */ = {
			isa = XCConfigurationList;
			buildConfigurations = (
				69C6DA9626BDCC490036DDF1 /* Debug */,
				69C6DA9726BDCC490036DDF1 /* Release */,
			);
			defaultConfigurationIsVisible = 0;
			defaultConfigurationName = Release;
		};
/* End XCConfigurationList section */
	};
	rootObject = 69C6DA6226BDCC460036DDF1 /* Project object */;
}
